
Microsoft Visual Studio Solution File, Format Version 12.00
# Visual Studio Version 16
VisualStudioVersion = 16.0.34729.46
MinimumVisualStudioVersion = 10.0.40219.1
Project("{FAE04EC0-301F-11D3-BF4B-00C04F79EFBC}") = "food", "food\food.csproj", "{51C1CD77-6151-49FB-926C-88D8CAB72BC5}"
EndProject
Global
	GlobalSection(SolutionConfigurationPlatforms) = preSolution
		Debug|Any CPU = Debug|Any CPU
		Release|Any CPU = Release|Any CPU
	EndGlobalSection
	GlobalSection(ProjectConfigurationPlatforms) = postSolution
		{51C1CD77-6151-49FB-926C-88D8CAB72BC5}.Debug|Any CPU.ActiveCfg = Debug|Any CPU
		{51C1CD77-6151-49FB-926C-88D8CAB72BC5}.Debug|Any CPU.Build.0 = Debug|Any CPU
		{51C1CD77-6151-49FB-926C-88D8CAB72BC5}.Release|Any CPU.ActiveCfg = Release|Any CPU
		{51C1CD77-6151-49FB-926C-88D8CAB72BC5}.Release|Any CPU.Build.0 = Release|Any CPU
	EndGlobalSection
	GlobalSection(SolutionProperties) = preSolution
		HideSolutionNode = FALSE
	EndGlobalSection
	GlobalSection(ExtensibilityGlobals) = postSolution
		SolutionGuid = {6837393E-A08F-4304-AAFA-7FB11590872B}
	EndGlobalSection
EndGlobal
